
Microsoft Visual Studio Solution File, Format Version 12.00
# Visual Studio 14
VisualStudioVersion = 14.0.23107.0
MinimumVisualStudioVersion = 10.0.40219.1
Project("{FAE04EC0-301F-11D3-BF4B-00C04F79EFBC}") = "fccgClient.CSharp.Plugins", "Client\Source\fccgClient\fccgClient.CSharp.Plugins.csproj", "{85F13119-1C96-793D-5FE7-DC5CEBD86FC1}"
EndProject
Project("{FAE04EC0-301F-11D3-BF4B-00C04F79EFBC}") = "fccgClient.CSharp.Editor", "Client\Source\fccgClient\fccgClient.CSharp.Editor.csproj", "{620BEB2B-505A-98F4-7321-B154FBCA3E34}"
EndProject
Project("{FAE04EC0-301F-11D3-BF4B-00C04F79EFBC}") = "fccgClient.CSharp", "Client\Source\fccgClient\fccgClient.CSharp.csproj", "{253761B9-2348-970E-AF6B-96C941B6B47A}"
EndProject
Project("{8BB2217D-0F2D-49D1-97BC-3654ED321F3B}") = "fccgConnectionServer", "Server\Source\fccgConnectionServer\fccgConnectionServer.xproj", "{8A7BF6EE-5E50-42CA-BAE0-32234B1C8F40}"
EndProject
Project("{D954291E-2A0B-460D-934E-DC6B0785DB48}") = "fccgClasses", "Classes\Source\fccgClasses\fccgClasses.shproj", "{E3C5FCFE-BAD1-40E8-9DB7-232852C88C09}"
EndProject
Project("{8BB2217D-0F2D-49D1-97BC-3654ED321F3B}") = "fccgMasterServer", "Server\Source\fccgMasterServer\fccgMasterServer.xproj", "{18C2250C-52F3-455C-A274-B7289AA801C5}"
EndProject
Project("{FAE04EC0-301F-11D3-BF4B-00C04F79EFBC}") = "SuperSocket.SocketEngine.Net45", "External\SuperSocket\SocketEngine\SuperSocket.SocketEngine.Net45.csproj", "{153FEF72-191C-43D9-BE71-2B351C7AC760}"
EndProject
Project("{FAE04EC0-301F-11D3-BF4B-00C04F79EFBC}") = "SuperSocket.SocketBase.Net45", "External\SuperSocket\SocketBase\SuperSocket.SocketBase.Net45.csproj", "{40B77789-EA11-4C05-8F52-86711D7BCAAF}"
EndProject
Project("{FAE04EC0-301F-11D3-BF4B-00C04F79EFBC}") = "SuperSocket.Common.Net45", "External\SuperSocket\Common\SuperSocket.Common.Net45.csproj", "{A24F4D38-BA9C-4FD6-95B7-4980DE36131A}"
EndProject
Global
	GlobalSection(SharedMSBuildProjectFiles) = preSolution
		Classes\Source\fccgClasses\fccgClasses.projitems*{e3c5fcfe-bad1-40e8-9db7-232852c88c09}*SharedItemsImports = 13
	EndGlobalSection
	GlobalSection(SolutionConfigurationPlatforms) = preSolution
		Debug|Any CPU = Debug|Any CPU
		Release|Any CPU = Release|Any CPU
	EndGlobalSection
	GlobalSection(ProjectConfigurationPlatforms) = postSolution
		{85F13119-1C96-793D-5FE7-DC5CEBD86FC1}.Debug|Any CPU.ActiveCfg = Debug|Any CPU
		{85F13119-1C96-793D-5FE7-DC5CEBD86FC1}.Debug|Any CPU.Build.0 = Debug|Any CPU
		{85F13119-1C96-793D-5FE7-DC5CEBD86FC1}.Release|Any CPU.ActiveCfg = Release|Any CPU
		{85F13119-1C96-793D-5FE7-DC5CEBD86FC1}.Release|Any CPU.Build.0 = Release|Any CPU
		{620BEB2B-505A-98F4-7321-B154FBCA3E34}.Debug|Any CPU.ActiveCfg = Debug|Any CPU
		{620BEB2B-505A-98F4-7321-B154FBCA3E34}.Debug|Any CPU.Build.0 = Debug|Any CPU
		{620BEB2B-505A-98F4-7321-B154FBCA3E34}.Release|Any CPU.ActiveCfg = Release|Any CPU
		{620BEB2B-505A-98F4-7321-B154FBCA3E34}.Release|Any CPU.Build.0 = Release|Any CPU
		{253761B9-2348-970E-AF6B-96C941B6B47A}.Debug|Any CPU.ActiveCfg = Debug|Any CPU
		{253761B9-2348-970E-AF6B-96C941B6B47A}.Debug|Any CPU.Build.0 = Debug|Any CPU
		{253761B9-2348-970E-AF6B-96C941B6B47A}.Release|Any CPU.ActiveCfg = Release|Any CPU
		{253761B9-2348-970E-AF6B-96C941B6B47A}.Release|Any CPU.Build.0 = Release|Any CPU
		{8A7BF6EE-5E50-42CA-BAE0-32234B1C8F40}.Debug|Any CPU.ActiveCfg = Debug|Any CPU
		{8A7BF6EE-5E50-42CA-BAE0-32234B1C8F40}.Debug|Any CPU.Build.0 = Debug|Any CPU
		{8A7BF6EE-5E50-42CA-BAE0-32234B1C8F40}.Release|Any CPU.ActiveCfg = Release|Any CPU
		{8A7BF6EE-5E50-42CA-BAE0-32234B1C8F40}.Release|Any CPU.Build.0 = Release|Any CPU
		{18C2250C-52F3-455C-A274-B7289AA801C5}.Debug|Any CPU.ActiveCfg = Debug|Any CPU
		{18C2250C-52F3-455C-A274-B7289AA801C5}.Debug|Any CPU.Build.0 = Debug|Any CPU
		{18C2250C-52F3-455C-A274-B7289AA801C5}.Release|Any CPU.ActiveCfg = Release|Any CPU
		{18C2250C-52F3-455C-A274-B7289AA801C5}.Release|Any CPU.Build.0 = Release|Any CPU
		{153FEF72-191C-43D9-BE71-2B351C7AC760}.Debug|Any CPU.ActiveCfg = Debug|Any CPU
		{153FEF72-191C-43D9-BE71-2B351C7AC760}.Debug|Any CPU.Build.0 = Debug|Any CPU
		{153FEF72-191C-43D9-BE71-2B351C7AC760}.Release|Any CPU.ActiveCfg = Release|Any CPU
		{153FEF72-191C-43D9-BE71-2B351C7AC760}.Release|Any CPU.Build.0 = Release|Any CPU
		{40B77789-EA11-4C05-8F52-86711D7BCAAF}.Debug|Any CPU.ActiveCfg = Debug|Any CPU
		{40B77789-EA11-4C05-8F52-86711D7BCAAF}.Debug|Any CPU.Build.0 = Debug|Any CPU
		{40B77789-EA11-4C05-8F52-86711D7BCAAF}.Release|Any CPU.ActiveCfg = Release|Any CPU
		{40B77789-EA11-4C05-8F52-86711D7BCAAF}.Release|Any CPU.Build.0 = Release|Any CPU
		{A24F4D38-BA9C-4FD6-95B7-4980DE36131A}.Debug|Any CPU.ActiveCfg = Debug|Any CPU
		{A24F4D38-BA9C-4FD6-95B7-4980DE36131A}.Debug|Any CPU.Build.0 = Debug|Any CPU
		{A24F4D38-BA9C-4FD6-95B7-4980DE36131A}.Release|Any CPU.ActiveCfg = Release|Any CPU
		{A24F4D38-BA9C-4FD6-95B7-4980DE36131A}.Release|Any CPU.Build.0 = Release|Any CPU
	EndGlobalSection
	GlobalSection(SolutionProperties) = preSolution
		HideSolutionNode = FALSE
	EndGlobalSection
EndGlobal
